
Microsoft Visual Studio Solution File, Format Version 12.00
# Visual Studio Version 16
VisualStudioVersion = 16.0.30011.22
MinimumVisualStudioVersion = 10.0.40219.1
Project("{FAE04EC0-301F-11D3-BF4B-00C04F79EFBC}") = "Variables_consonants_fase1", "Variables_consonants_fase1\Variables_consonants_fase1.csproj", "{031C701F-7C00-490D-BF2D-19730D0F0D85}"
EndProject
Global
	GlobalSection(SolutionConfigurationPlatforms) = preSolution
		Debug|Any CPU = Debug|Any CPU
		Release|Any CPU = Release|Any CPU
	EndGlobalSection
	GlobalSection(ProjectConfigurationPlatforms) = postSolution
		{031C701F-7C00-490D-BF2D-19730D0F0D85}.Debug|Any CPU.ActiveCfg = Debug|Any CPU
		{031C701F-7C00-490D-BF2D-19730D0F0D85}.Debug|Any CPU.Build.0 = Debug|Any CPU
		{031C701F-7C00-490D-BF2D-19730D0F0D85}.Release|Any CPU.ActiveCfg = Release|Any CPU
		{031C701F-7C00-490D-BF2D-19730D0F0D85}.Release|Any CPU.Build.0 = Release|Any CPU
	EndGlobalSection
	GlobalSection(SolutionProperties) = preSolution
		HideSolutionNode = FALSE
	EndGlobalSection
	GlobalSection(ExtensibilityGlobals) = postSolution
		SolutionGuid = {367340A9-29DE-411F-B942-1464E67F42C7}
	EndGlobalSection
EndGlobal
