
Microsoft Visual Studio Solution File, Format Version 12.00
# Visual Studio Version 16
VisualStudioVersion = 16.0.30011.22
MinimumVisualStudioVersion = 10.0.40219.1
Project("{FAE04EC0-301F-11D3-BF4B-00C04F79EFBC}") = "Variables_consonants_fase3", "Variables_consonants_fase3\Variables_consonants_fase3.csproj", "{FE32E5E1-29A7-4849-9687-B8D293297120}"
EndProject
Global
	GlobalSection(SolutionConfigurationPlatforms) = preSolution
		Debug|Any CPU = Debug|Any CPU
		Release|Any CPU = Release|Any CPU
	EndGlobalSection
	GlobalSection(ProjectConfigurationPlatforms) = postSolution
		{FE32E5E1-29A7-4849-9687-B8D293297120}.Debug|Any CPU.ActiveCfg = Debug|Any CPU
		{FE32E5E1-29A7-4849-9687-B8D293297120}.Debug|Any CPU.Build.0 = Debug|Any CPU
		{FE32E5E1-29A7-4849-9687-B8D293297120}.Release|Any CPU.ActiveCfg = Release|Any CPU
		{FE32E5E1-29A7-4849-9687-B8D293297120}.Release|Any CPU.Build.0 = Release|Any CPU
	EndGlobalSection
	GlobalSection(SolutionProperties) = preSolution
		HideSolutionNode = FALSE
	EndGlobalSection
	GlobalSection(ExtensibilityGlobals) = postSolution
		SolutionGuid = {7C088DC7-BA97-4D5B-9677-DC8997F016BC}
	EndGlobalSection
EndGlobal
